// !$*UTF8*$!
{
	archiveVersion = 1;
	classes = {
	};
	objectVersion = 50;
	objects = {

/* Begin PBXBuildFile section */
		02681E552457436800DB1524 /* AppDelegate.swift in Sources */ = {isa = PBXBuildFile; fileRef = 02681E542457436800DB1524 /* AppDelegate.swift */; };
		02681E572457436800DB1524 /* SceneDelegate.swift in Sources */ = {isa = PBXBuildFile; fileRef = 02681E562457436800DB1524 /* SceneDelegate.swift */; };
		02681E5E2457436800DB1524 /* Main.storyboard in Resources */ = {isa = PBXBuildFile; fileRef = 02681E5C2457436800DB1524 /* Main.storyboard */; };
		02681E612457436800DB1524 /* Mobile_App_Dev_Final_Dr_Foodie.xcdatamodeld in Sources */ = {isa = PBXBuildFile; fileRef = 02681E5F2457436800DB1524 /* Mobile_App_Dev_Final_Dr_Foodie.xcdatamodeld */; };
		02681E632457436900DB1524 /* Assets.xcassets in Resources */ = {isa = PBXBuildFile; fileRef = 02681E622457436900DB1524 /* Assets.xcassets */; };
		02681E662457436900DB1524 /* LaunchScreen.storyboard in Resources */ = {isa = PBXBuildFile; fileRef = 02681E642457436900DB1524 /* LaunchScreen.storyboard */; };
		02891B4A2459CCF9002910A3 /* restart.png in Resources */ = {isa = PBXBuildFile; fileRef = 02891B482459CCF8002910A3 /* restart.png */; };
		02891B4B2459CCF9002910A3 /* Rectangle.png in Resources */ = {isa = PBXBuildFile; fileRef = 02891B492459CCF8002910A3 /* Rectangle.png */; };
		02891B4D2459CDAB002910A3 /* OnboardingA.swift in Sources */ = {isa = PBXBuildFile; fileRef = 02891B4C2459CDAB002910A3 /* OnboardingA.swift */; };
		02891B4F2459CDC1002910A3 /* OnboardingB.swift in Sources */ = {isa = PBXBuildFile; fileRef = 02891B4E2459CDC1002910A3 /* OnboardingB.swift */; };
		02891B512459CDDC002910A3 /* OnboardingC.swift in Sources */ = {isa = PBXBuildFile; fileRef = 02891B502459CDDC002910A3 /* OnboardingC.swift */; };
		02891B532459CF21002910A3 /* labelBg.png in Resources */ = {isa = PBXBuildFile; fileRef = 02891B522459CF21002910A3 /* labelBg.png */; };
		02891B552459D852002910A3 /* DiaryViewController.swift in Sources */ = {isa = PBXBuildFile; fileRef = 02891B542459D852002910A3 /* DiaryViewController.swift */; };
		02891B572459D85B002910A3 /* LearnViewController.swift in Sources */ = {isa = PBXBuildFile; fileRef = 02891B562459D85B002910A3 /* LearnViewController.swift */; };
		02891B592459D86C002910A3 /* MeViewController.swift in Sources */ = {isa = PBXBuildFile; fileRef = 02891B582459D86C002910A3 /* MeViewController.swift */; };
/* End PBXBuildFile section */

/* Begin PBXFileReference section */
		02681E512457436800DB1524 /* Mobile-App-Dev_Final-Dr-Foodie.app */ = {isa = PBXFileReference; explicitFileType = wrapper.application; includeInIndex = 0; path = "Mobile-App-Dev_Final-Dr-Foodie.app"; sourceTree = BUILT_PRODUCTS_DIR; };
		02681E542457436800DB1524 /* AppDelegate.swift */ = {isa = PBXFileReference; lastKnownFileType = sourcecode.swift; path = AppDelegate.swift; sourceTree = "<group>"; };
		02681E562457436800DB1524 /* SceneDelegate.swift */ = {isa = PBXFileReference; lastKnownFileType = sourcecode.swift; path = SceneDelegate.swift; sourceTree = "<group>"; };
		02681E5D2457436800DB1524 /* Base */ = {isa = PBXFileReference; lastKnownFileType = file.storyboard; name = Base; path = Base.lproj/Main.storyboard; sourceTree = "<group>"; };
		02681E602457436800DB1524 /* Mobile_App_Dev_Final_Dr_Foodie.xcdatamodel */ = {isa = PBXFileReference; lastKnownFileType = wrapper.xcdatamodel; path = Mobile_App_Dev_Final_Dr_Foodie.xcdatamodel; sourceTree = "<group>"; };
		02681E622457436900DB1524 /* Assets.xcassets */ = {isa = PBXFileReference; lastKnownFileType = folder.assetcatalog; path = Assets.xcassets; sourceTree = "<group>"; };
		02681E652457436900DB1524 /* Base */ = {isa = PBXFileReference; lastKnownFileType = file.storyboard; name = Base; path = Base.lproj/LaunchScreen.storyboard; sourceTree = "<group>"; };
		02681E672457436900DB1524 /* Info.plist */ = {isa = PBXFileReference; lastKnownFileType = text.plist.xml; path = Info.plist; sourceTree = "<group>"; };
		02891B482459CCF8002910A3 /* restart.png */ = {isa = PBXFileReference; lastKnownFileType = image.png; path = restart.png; sourceTree = "<group>"; };
		02891B492459CCF8002910A3 /* Rectangle.png */ = {isa = PBXFileReference; lastKnownFileType = image.png; path = Rectangle.png; sourceTree = "<group>"; };
		02891B4C2459CDAB002910A3 /* OnboardingA.swift */ = {isa = PBXFileReference; lastKnownFileType = sourcecode.swift; path = OnboardingA.swift; sourceTree = "<group>"; };
		02891B4E2459CDC1002910A3 /* OnboardingB.swift */ = {isa = PBXFileReference; lastKnownFileType = sourcecode.swift; path = OnboardingB.swift; sourceTree = "<group>"; };
		02891B502459CDDC002910A3 /* OnboardingC.swift */ = {isa = PBXFileReference; lastKnownFileType = sourcecode.swift; path = OnboardingC.swift; sourceTree = "<group>"; };
		02891B522459CF21002910A3 /* labelBg.png */ = {isa = PBXFileReference; lastKnownFileType = image.png; name = labelBg.png; path = ../../../../../../../Downloads/labelBg.png; sourceTree = "<group>"; };
		02891B542459D852002910A3 /* DiaryViewController.swift */ = {isa = PBXFileReference; lastKnownFileType = sourcecode.swift; path = DiaryViewController.swift; sourceTree = "<group>"; };
		02891B562459D85B002910A3 /* LearnViewController.swift */ = {isa = PBXFileReference; lastKnownFileType = sourcecode.swift; path = LearnViewController.swift; sourceTree = "<group>"; };
		02891B582459D86C002910A3 /* MeViewController.swift */ = {isa = PBXFileReference; lastKnownFileType = sourcecode.swift; path = MeViewController.swift; sourceTree = "<group>"; };
/* End PBXFileReference section */

/* Begin PBXFrameworksBuildPhase section */
		02681E4E2457436800DB1524 /* Frameworks */ = {
			isa = PBXFrameworksBuildPhase;
			buildActionMask = 2147483647;
			files = (
			);
			runOnlyForDeploymentPostprocessing = 0;
		};
/* End PBXFrameworksBuildPhase section */

/* Begin PBXGroup section */
		02681E482457436800DB1524 = {
			isa = PBXGroup;
			children = (
				02681E532457436800DB1524 /* Mobile-App-Dev_Final-Dr-Foodie */,
				02681E522457436800DB1524 /* Products */,
			);
			sourceTree = "<group>";
		};
		02681E522457436800DB1524 /* Products */ = {
			isa = PBXGroup;
			children = (
				02681E512457436800DB1524 /* Mobile-App-Dev_Final-Dr-Foodie.app */,
			);
			name = Products;
			sourceTree = "<group>";
		};
		02681E532457436800DB1524 /* Mobile-App-Dev_Final-Dr-Foodie */ = {
			isa = PBXGroup;
			children = (
				02681E542457436800DB1524 /* AppDelegate.swift */,
				02681E562457436800DB1524 /* SceneDelegate.swift */,
				02681E5C2457436800DB1524 /* Main.storyboard */,
				02891B522459CF21002910A3 /* labelBg.png */,
				02681E622457436900DB1524 /* Assets.xcassets */,
				02681E642457436900DB1524 /* LaunchScreen.storyboard */,
				02681E672457436900DB1524 /* Info.plist */,
				02681E5F2457436800DB1524 /* Mobile_App_Dev_Final_Dr_Foodie.xcdatamodeld */,
				02891B492459CCF8002910A3 /* Rectangle.png */,
				02891B482459CCF8002910A3 /* restart.png */,
				02891B4C2459CDAB002910A3 /* OnboardingA.swift */,
				02891B4E2459CDC1002910A3 /* OnboardingB.swift */,
				02891B502459CDDC002910A3 /* OnboardingC.swift */,
				02891B542459D852002910A3 /* DiaryViewController.swift */,
				02891B562459D85B002910A3 /* LearnViewController.swift */,
				02891B582459D86C002910A3 /* MeViewController.swift */,
			);
			path = "Mobile-App-Dev_Final-Dr-Foodie";
			sourceTree = "<group>";
		};
/* End PBXGroup section */

/* Begin PBXNativeTarget section */
		02681E502457436800DB1524 /* Mobile-App-Dev_Final-Dr-Foodie */ = {
			isa = PBXNativeTarget;
			buildConfigurationList = 02681E6A2457436900DB1524 /* Build configuration list for PBXNativeTarget "Mobile-App-Dev_Final-Dr-Foodie" */;
			buildPhases = (
				02681E4D2457436800DB1524 /* Sources */,
				02681E4E2457436800DB1524 /* Frameworks */,
				02681E4F2457436800DB1524 /* Resources */,
			);
			buildRules = (
			);
			dependencies = (
			);
			name = "Mobile-App-Dev_Final-Dr-Foodie";
			productName = "Mobile-App-Dev_Final-Dr-Foodie";
			productReference = 02681E512457436800DB1524 /* Mobile-App-Dev_Final-Dr-Foodie.app */;
			productType = "com.apple.product-type.application";
		};
/* End PBXNativeTarget section */

/* Begin PBXProject section */
		02681E492457436800DB1524 /* Project object */ = {
			isa = PBXProject;
			attributes = {
				LastSwiftUpdateCheck = 1120;
				LastUpgradeCheck = 1120;
				ORGANIZATIONNAME = Qinyu;
				TargetAttributes = {
					02681E502457436800DB1524 = {
						CreatedOnToolsVersion = 11.2.1;
					};
				};
			};
			buildConfigurationList = 02681E4C2457436800DB1524 /* Build configuration list for PBXProject "Mobile-App-Dev_Final-Dr-Foodie" */;
			compatibilityVersion = "Xcode 9.3";
			developmentRegion = en;
			hasScannedForEncodings = 0;
			knownRegions = (
				en,
				Base,
			);
			mainGroup = 02681E482457436800DB1524;
			productRefGroup = 02681E522457436800DB1524 /* Products */;
			projectDirPath = "";
			projectRoot = "";
			targets = (
				02681E502457436800DB1524 /* Mobile-App-Dev_Final-Dr-Foodie */,
			);
		};
/* End PBXProject section */

/* Begin PBXResourcesBuildPhase section */
		02681E4F2457436800DB1524 /* Resources */ = {
			isa = PBXResourcesBuildPhase;
			buildActionMask = 2147483647;
			files = (
				02891B4B2459CCF9002910A3 /* Rectangle.png in Resources */,
				02681E662457436900DB1524 /* LaunchScreen.storyboard in Resources */,
				02681E632457436900DB1524 /* Assets.xcassets in Resources */,
				02891B532459CF21002910A3 /* labelBg.png in Resources */,
				02681E5E2457436800DB1524 /* Main.storyboard in Resources */,
				02891B4A2459CCF9002910A3 /* restart.png in Resources */,
			);
			runOnlyForDeploymentPostprocessing = 0;
		};
/* End PBXResourcesBuildPhase section */

/* Begin PBXSourcesBuildPhase section */
		02681E4D2457436800DB1524 /* Sources */ = {
			isa = PBXSourcesBuildPhase;
			buildActionMask = 2147483647;
			files = (
				02891B592459D86C002910A3 /* MeViewController.swift in Sources */,
				02681E612457436800DB1524 /* Mobile_App_Dev_Final_Dr_Foodie.xcdatamodeld in Sources */,
				02891B512459CDDC002910A3 /* OnboardingC.swift in Sources */,
				02891B4D2459CDAB002910A3 /* OnboardingA.swift in Sources */,
				02891B552459D852002910A3 /* DiaryViewController.swift in Sources */,
				02891B4F2459CDC1002910A3 /* OnboardingB.swift in Sources */,
				02891B572459D85B002910A3 /* LearnViewController.swift in Sources */,
				02681E552457436800DB1524 /* AppDelegate.swift in Sources */,
				02681E572457436800DB1524 /* SceneDelegate.swift in Sources */,
			);
			runOnlyForDeploymentPostprocessing = 0;
		};
/* End PBXSourcesBuildPhase section */

/* Begin PBXVariantGroup section */
		02681E5C2457436800DB1524 /* Main.storyboard */ = {
			isa = PBXVariantGroup;
			children = (
				02681E5D2457436800DB1524 /* Base */,
			);
			name = Main.storyboard;
			sourceTree = "<group>";
		};
		02681E642457436900DB1524 /* LaunchScreen.storyboard */ = {
			isa = PBXVariantGroup;
			children = (
				02681E652457436900DB1524 /* Base */,
			);
			name = LaunchScreen.storyboard;
			sourceTree = "<group>";
		};
/* End PBXVariantGroup section */

/* Begin XCBuildConfiguration section */
		02681E682457436900DB1524 /* Debug */ = {
			isa = XCBuildConfiguration;
			buildSettings = {
				ALWAYS_SEARCH_USER_PATHS = NO;
				CLANG_ANALYZER_NONNULL = YES;
				CLANG_ANALYZER_NUMBER_OBJECT_CONVERSION = YES_AGGRESSIVE;
				CLANG_CXX_LANGUAGE_STANDARD = "gnu++14";
				CLANG_CXX_LIBRARY = "libc++";
				CLANG_ENABLE_MODULES = YES;
				CLANG_ENABLE_OBJC_ARC = YES;
				CLANG_ENABLE_OBJC_WEAK = YES;
				CLANG_WARN_BLOCK_CAPTURE_AUTORELEASING = YES;
				CLANG_WARN_BOOL_CONVERSION = YES;
				CLANG_WARN_COMMA = YES;
				CLANG_WARN_CONSTANT_CONVERSION = YES;
				CLANG_WARN_DEPRECATED_OBJC_IMPLEMENTATIONS = YES;
				CLANG_WARN_DIRECT_OBJC_ISA_USAGE = YES_ERROR;
				CLANG_WARN_DOCUMENTATION_COMMENTS = YES;
				CLANG_WARN_EMPTY_BODY = YES;
				CLANG_WARN_ENUM_CONVERSION = YES;
				CLANG_WARN_INFINITE_RECURSION = YES;
				CLANG_WARN_INT_CONVERSION = YES;
				CLANG_WARN_NON_LITERAL_NULL_CONVERSION = YES;
				CLANG_WARN_OBJC_IMPLICIT_RETAIN_SELF = YES;
				CLANG_WARN_OBJC_LITERAL_CONVERSION = YES;
				CLANG_WARN_OBJC_ROOT_CLASS = YES_ERROR;
				CLANG_WARN_RANGE_LOOP_ANALYSIS = YES;
				CLANG_WARN_STRICT_PROTOTYPES = YES;
				CLANG_WARN_SUSPICIOUS_MOVE = YES;
				CLANG_WARN_UNGUARDED_AVAILABILITY = YES_AGGRESSIVE;
				CLANG_WARN_UNREACHABLE_CODE = YES;
				CLANG_WARN__DUPLICATE_METHOD_MATCH = YES;
				COPY_PHASE_STRIP = NO;
				DEBUG_INFORMATION_FORMAT = dwarf;
				ENABLE_STRICT_OBJC_MSGSEND = YES;
				ENABLE_TESTABILITY = YES;
				GCC_C_LANGUAGE_STANDARD = gnu11;
				GCC_DYNAMIC_NO_PIC = NO;
				GCC_NO_COMMON_BLOCKS = YES;
				GCC_OPTIMIZATION_LEVEL = 0;
				GCC_PREPROCESSOR_DEFINITIONS = (
					"DEBUG=1",
					"$(inherited)",
				);
				GCC_WARN_64_TO_32_BIT_CONVERSION = YES;
				GCC_WARN_ABOUT_RETURN_TYPE = YES_ERROR;
				GCC_WARN_UNDECLARED_SELECTOR = YES;
				GCC_WARN_UNINITIALIZED_AUTOS = YES_AGGRESSIVE;
				GCC_WARN_UNUSED_FUNCTION = YES;
				GCC_WARN_UNUSED_VARIABLE = YES;
				IPHONEOS_DEPLOYMENT_TARGET = 13.2;
				MTL_ENABLE_DEBUG_INFO = INCLUDE_SOURCE;
				MTL_FAST_MATH = YES;
				ONLY_ACTIVE_ARCH = YES;
				SDKROOT = iphoneos;
				SWIFT_ACTIVE_COMPILATION_CONDITIONS = DEBUG;
				SWIFT_OPTIMIZATION_LEVEL = "-Onone";
			};
			name = Debug;
		};
		02681E692457436900DB1524 /* Release */ = {
			isa = XCBuildConfiguration;
			buildSettings = {
				ALWAYS_SEARCH_USER_PATHS = NO;
				CLANG_ANALYZER_NONNULL = YES;
				CLANG_ANALYZER_NUMBER_OBJECT_CONVERSION = YES_AGGRESSIVE;
				CLANG_CXX_LANGUAGE_STANDARD = "gnu++14";
				CLANG_CXX_LIBRARY = "libc++";
				CLANG_ENABLE_MODULES = YES;
				CLANG_ENABLE_OBJC_ARC = YES;
				CLANG_ENABLE_OBJC_WEAK = YES;
				CLANG_WARN_BLOCK_CAPTURE_AUTORELEASING = YES;
				CLANG_WARN_BOOL_CONVERSION = YES;
				CLANG_WARN_COMMA = YES;
				CLANG_WARN_CONSTANT_CONVERSION = YES;
				CLANG_WARN_DEPRECATED_OBJC_IMPLEMENTATIONS = YES;
				CLANG_WARN_DIRECT_OBJC_ISA_USAGE = YES_ERROR;
				CLANG_WARN_DOCUMENTATION_COMMENTS = YES;
				CLANG_WARN_EMPTY_BODY = YES;
				CLANG_WARN_ENUM_CONVERSION = YES;
				CLANG_WARN_INFINITE_RECURSION = YES;
				CLANG_WARN_INT_CONVERSION = YES;
				CLANG_WARN_NON_LITERAL_NULL_CONVERSION = YES;
				CLANG_WARN_OBJC_IMPLICIT_RETAIN_SELF = YES;
				CLANG_WARN_OBJC_LITERAL_CONVERSION = YES;
				CLANG_WARN_OBJC_ROOT_CLASS = YES_ERROR;
				CLANG_WARN_RANGE_LOOP_ANALYSIS = YES;
				CLANG_WARN_STRICT_PROTOTYPES = YES;
				CLANG_WARN_SUSPICIOUS_MOVE = YES;
				CLANG_WARN_UNGUARDED_AVAILABILITY = YES_AGGRESSIVE;
				CLANG_WARN_UNREACHABLE_CODE = YES;
				CLANG_WARN__DUPLICATE_METHOD_MATCH = YES;
				COPY_PHASE_STRIP = NO;
				DEBUG_INFORMATION_FORMAT = "dwarf-with-dsym";
				ENABLE_NS_ASSERTIONS = NO;
				ENABLE_STRICT_OBJC_MSGSEND = YES;
				GCC_C_LANGUAGE_STANDARD = gnu11;
				GCC_NO_COMMON_BLOCKS = YES;
				GCC_WARN_64_TO_32_BIT_CONVERSION = YES;
				GCC_WARN_ABOUT_RETURN_TYPE = YES_ERROR;
				GCC_WARN_UNDECLARED_SELECTOR = YES;
				GCC_WARN_UNINITIALIZED_AUTOS = YES_AGGRESSIVE;
				GCC_WARN_UNUSED_FUNCTION = YES;
				GCC_WARN_UNUSED_VARIABLE = YES;
				IPHONEOS_DEPLOYMENT_TARGET = 13.2;
				MTL_ENABLE_DEBUG_INFO = NO;
				MTL_FAST_MATH = YES;
				SDKROOT = iphoneos;
				SWIFT_COMPILATION_MODE = wholemodule;
				SWIFT_OPTIMIZATION_LEVEL = "-O";
				VALIDATE_PRODUCT = YES;
			};
			name = Release;
		};
		02681E6B2457436900DB1524 /* Debug */ = {
			isa = XCBuildConfiguration;
			buildSettings = {
				ASSETCATALOG_COMPILER_APPICON_NAME = AppIcon;
				CODE_SIGN_STYLE = Automatic;
				DEVELOPMENT_TEAM = PBT4MMRV7H;
				INFOPLIST_FILE = "Mobile-App-Dev_Final-Dr-Foodie/Info.plist";
				LD_RUNPATH_SEARCH_PATHS = (
					"$(inherited)",
					"@executable_path/Frameworks",
				);
				PRODUCT_BUNDLE_IDENTIFIER = "edu.miami.qinyu.mobileAppDev.Mobile-App-Dev-Final-Dr-Foodie";
				PRODUCT_NAME = "$(TARGET_NAME)";
				SWIFT_VERSION = 5.0;
				TARGETED_DEVICE_FAMILY = "1,2";
			};
			name = Debug;
		};
		02681E6C2457436900DB1524 /* Release */ = {
			isa = XCBuildConfiguration;
			buildSettings = {
				ASSETCATALOG_COMPILER_APPICON_NAME = AppIcon;
				CODE_SIGN_STYLE = Automatic;
				DEVELOPMENT_TEAM = PBT4MMRV7H;
				INFOPLIST_FILE = "Mobile-App-Dev_Final-Dr-Foodie/Info.plist";
				LD_RUNPATH_SEARCH_PATHS = (
					"$(inherited)",
					"@executable_path/Frameworks",
				);
				PRODUCT_BUNDLE_IDENTIFIER = "edu.miami.qinyu.mobileAppDev.Mobile-App-Dev-Final-Dr-Foodie";
				PRODUCT_NAME = "$(TARGET_NAME)";
				SWIFT_VERSION = 5.0;
				TARGETED_DEVICE_FAMILY = "1,2";
			};
			name = Release;
		};
/* End XCBuildConfiguration section */

/* Begin XCConfigurationList section */
		02681E4C2457436800DB1524 /* Build configuration list for PBXProject "Mobile-App-Dev_Final-Dr-Foodie" */ = {
			isa = XCConfigurationList;
			buildConfigurations = (
				02681E682457436900DB1524 /* Debug */,
				02681E692457436900DB1524 /* Release */,
			);
			defaultConfigurationIsVisible = 0;
			defaultConfigurationName = Release;
		};
		02681E6A2457436900DB1524 /* Build configuration list for PBXNativeTarget "Mobile-App-Dev_Final-Dr-Foodie" */ = {
			isa = XCConfigurationList;
			buildConfigurations = (
				02681E6B2457436900DB1524 /* Debug */,
				02681E6C2457436900DB1524 /* Release */,
			);
			defaultConfigurationIsVisible = 0;
			defaultConfigurationName = Release;
		};
/* End XCConfigurationList section */

/* Begin XCVersionGroup section */
		02681E5F2457436800DB1524 /* Mobile_App_Dev_Final_Dr_Foodie.xcdatamodeld */ = {
			isa = XCVersionGroup;
			children = (
				02681E602457436800DB1524 /* Mobile_App_Dev_Final_Dr_Foodie.xcdatamodel */,
			);
			currentVersion = 02681E602457436800DB1524 /* Mobile_App_Dev_Final_Dr_Foodie.xcdatamodel */;
			path = Mobile_App_Dev_Final_Dr_Foodie.xcdatamodeld;
			sourceTree = "<group>";
			versionGroupType = wrapper.xcdatamodel;
		};
/* End XCVersionGroup section */
	};
	rootObject = 02681E492457436800DB1524 /* Project object */;
}
